
Microsoft Visual Studio Solution File, Format Version 12.00
# Visual Studio Version 18
VisualStudioVersion = 18.0.11121.172 d18.0
MinimumVisualStudioVersion = 10.0.40219.1
Project("{FAE04EC0-301F-11D3-BF4B-00C04F79EFBC}") = "RubiksCube.Library", "RubiksCube.Library\RubiksCube.Library.csproj", "{B9CD3405-D8CE-4808-BBD0-BD3712FA64B3}"
EndProject
Project("{2150E333-8FDC-42A3-9474-1A3956D46DE8}") = "Solution Folder", "Solution Folder", "{2AB064B5-A676-4079-87AD-2B3CAB46A2C4}"
	ProjectSection(SolutionItems) = preProject
		.gitignore = .gitignore
		README.md = README.md
	EndProjectSection
EndProject
Global
	GlobalSection(SolutionConfigurationPlatforms) = preSolution
		Debug|Any CPU = Debug|Any CPU
		Release|Any CPU = Release|Any CPU
	EndGlobalSection
	GlobalSection(ProjectConfigurationPlatforms) = postSolution
		{B9CD3405-D8CE-4808-BBD0-BD3712FA64B3}.Debug|Any CPU.ActiveCfg = Debug|Any CPU
		{B9CD3405-D8CE-4808-BBD0-BD3712FA64B3}.Debug|Any CPU.Build.0 = Debug|Any CPU
		{B9CD3405-D8CE-4808-BBD0-BD3712FA64B3}.Release|Any CPU.ActiveCfg = Release|Any CPU
		{B9CD3405-D8CE-4808-BBD0-BD3712FA64B3}.Release|Any CPU.Build.0 = Release|Any CPU
	EndGlobalSection
	GlobalSection(SolutionProperties) = preSolution
		HideSolutionNode = FALSE
	EndGlobalSection
	GlobalSection(ExtensibilityGlobals) = postSolution
		SolutionGuid = {55356EAA-DE27-4EAA-8EFE-3819D109D83B}
	EndGlobalSection
EndGlobal
