
Microsoft Visual Studio Solution File, Format Version 12.00
# Visual Studio Version 17
VisualStudioVersion = 17.0.31903.59
MinimumVisualStudioVersion = 10.0.40219.1
Project("{FAE04EC0-301F-11D3-BF4B-00C04F79EFBC}") = "RubiksCube.Library", "RubiksCube.Library\RubiksCube.Library.csproj", "{B9CD3405-D8CE-4808-BBD0-BD3712FA64B3}"
EndProject
Project("{FAE04EC0-301F-11D3-BF4B-00C04F79EFBC}") = "RubiksCube.Cube3x3", "RubiksCube.3x3\RubiksCube.Cube3x3.csproj", "{EACA0548-5641-4EC1-B704-C9429CA19DAA}"
EndProject
Project("{FAE04EC0-301F-11D3-BF4B-00C04F79EFBC}") = "RubiksCube.Cube3x3.Tests", "RubiksCube.Cube3x3.Tests\RubiksCube.Cube3x3.Tests.csproj", "{A2D10112-F57B-492F-AE2A-8B792D80D440}"
EndProject
Global
	GlobalSection(SolutionConfigurationPlatforms) = preSolution
		Debug|Any CPU = Debug|Any CPU
		Release|Any CPU = Release|Any CPU
	EndGlobalSection
	GlobalSection(ProjectConfigurationPlatforms) = postSolution
		{B9CD3405-D8CE-4808-BBD0-BD3712FA64B3}.Debug|Any CPU.ActiveCfg = Debug|Any CPU
		{B9CD3405-D8CE-4808-BBD0-BD3712FA64B3}.Debug|Any CPU.Build.0 = Debug|Any CPU
		{B9CD3405-D8CE-4808-BBD0-BD3712FA64B3}.Release|Any CPU.ActiveCfg = Release|Any CPU
		{B9CD3405-D8CE-4808-BBD0-BD3712FA64B3}.Release|Any CPU.Build.0 = Release|Any CPU
		{EACA0548-5641-4EC1-B704-C9429CA19DAA}.Debug|Any CPU.ActiveCfg = Debug|Any CPU
		{EACA0548-5641-4EC1-B704-C9429CA19DAA}.Debug|Any CPU.Build.0 = Debug|Any CPU
		{EACA0548-5641-4EC1-B704-C9429CA19DAA}.Release|Any CPU.ActiveCfg = Release|Any CPU
		{EACA0548-5641-4EC1-B704-C9429CA19DAA}.Release|Any CPU.Build.0 = Release|Any CPU
		{A2D10112-F57B-492F-AE2A-8B792D80D440}.Debug|Any CPU.ActiveCfg = Debug|Any CPU
		{A2D10112-F57B-492F-AE2A-8B792D80D440}.Debug|Any CPU.Build.0 = Debug|Any CPU
		{A2D10112-F57B-492F-AE2A-8B792D80D440}.Release|Any CPU.ActiveCfg = Release|Any CPU
		{A2D10112-F57B-492F-AE2A-8B792D80D440}.Release|Any CPU.Build.0 = Release|Any CPU
	EndGlobalSection
	GlobalSection(SolutionProperties) = preSolution
		HideSolutionNode = FALSE
	EndGlobalSection
EndGlobal
